# This file was autogenerated by uv via the following command:
#    uv pip compile deploy/requirements/neko-asr.in --output-file deploy/requirements/neko-asr.lock --python /usr/bin/python3 --python-platform aarch64-manylinux_2_28 --generate-hashes --only-binary :all: --exclude-newer 2026-07-14T23:59:59Z
sherpa-onnx==1.13.4 \
    --hash=sha256:02b57dc2c829976eb842e6aee6a0e4ac3b9991aeb5afa89fd44eb71d848a4ecd \
    --hash=sha256:04a82d79c13a4ce2bd9ccf51de93e83cbfc7bc50520c53e5e967565100d0724d \
    --hash=sha256:083747c2d0362ead0501cc773a618be19862a800b3f8f259d3bd3486f1494af4 \
    --hash=sha256:0cabb508a15be22138f9fb7695d7ec5f3893ecd088ee419b9df559fed7e8f649 \
    --hash=sha256:0d994250746180a585538df680727920691c09249ce4520aaabe1db5e2604f2a \
    --hash=sha256:0f42b625809051080e9b834686ea65eb242e9cfe62366d5153c7141a1b8a5d8e \
    --hash=sha256:11ed31021062b2b7cfddf172ba2766f2962884d88bc0ad47284d2d17f1be124e \
    --hash=sha256:16b046f1c7ceecf666947d652c928278c377847db7f697c9e94af9feaf20ac2c \
    --hash=sha256:17050fdfb48d37ae996364f697c554a1399740d18e5a56b143c011d00cfed3e0 \
    --hash=sha256:1d746b8c6ed1ce9eb94868d71b5ea9c22274b8cb166420bd1772f7df470b753a \
    --hash=sha256:2257545ea170f58b7977309793979d6d078761b7fdb0528561285f8ead4169db \
    --hash=sha256:24636a0ab399a15537d119ce030e7cad7d41a203ed02b9d1f14cded7a6dacba1 \
    --hash=sha256:28471dfec52de604c36eb2180c3877501a478eaf66e3b861c3b3447de22ff6be \
    --hash=sha256:29547692418513ad88034c2b5f98985e33042b2351e4ab375469f19a8de18c5f \
    --hash=sha256:2c13383b6fa530f622ec48bc4e8c5320f96a09f19376cb9fa09515093a09da2a \
    --hash=sha256:2c726bc9b9a458cfaa94904c78b7925a0cc88dc64b4a1072acc7b36a914477c0 \
    --hash=sha256:37d717a5d1702137eabf8a2454628ca03e51a9fa26da36f2d39adbd38f4d2c16 \
    --hash=sha256:39af016b9fb7c053da2270e44182fb8932eeab991dcdc963bbc4366324e9ec51 \
    --hash=sha256:3aeac6d31bed3217fb0d762eeddc5a23713744b903508059a457aada0988fccc \
    --hash=sha256:3d89010ef9272d78130e36408fafc6b2842d52876048fbf9a92d8b9739033941 \
    --hash=sha256:467dd7f66770d6bf8a57d9b1a2a2a53e9eb11b4535636e090dc6c8835a32c3e8 \
    --hash=sha256:56b5a45c0858cab70826f28445009f86bf49862a77baaeb5f1ae672fe87bf463 \
    --hash=sha256:5d35aeb5ad13b54cea0d6fed681660f6308acb841de981745e33d457255b9134 \
    --hash=sha256:5f0158f3513d3adab1ebba0c26f0c815e53ba13b96846d92ef095ae25d648860 \
    --hash=sha256:68d3f541eea8631664227f0276ecb2debe29c6b766398c4a25dd3bf601b1d7ab \
    --hash=sha256:6c1a4ec6dba6f5274b8b2233580c8e376d98c1292a2939a17d6cc7d8f36fd25e \
    --hash=sha256:7a6bf37e45727b0e94661a29b34927e9edc4b3849411cc38036e30d81df48d31 \
    --hash=sha256:7c4a1c178eb801af92f70120128c1f956b5388b9d684f0af2a08614e05dc3047 \
    --hash=sha256:7ddb3d46fe0d6cc745d222e055844dbb24fd4e66935d4ead67d1315911ea7a46 \
    --hash=sha256:84e58b5a074b97c5307c9b6221d1d20fbf412a1a5dff4960ca9c32bb5184219f \
    --hash=sha256:852ab242dbe4dfae3f2a3baeabfc75a062379b006c92a3f8b4a489fab5c45df2 \
    --hash=sha256:88af596be24eac32982dd64fcac30af99d9130ca498bfa1a0064189c8498195b \
    --hash=sha256:8e1cdbd53b432630a81ea479ce5bad6aa8192eb4a458d8c9432c54052cb9cc7d \
    --hash=sha256:8ec5394b4ea73bf01e6883cf078348f87350f4eb3567d51d92cae77ea2582403 \
    --hash=sha256:8ed6bcbb3b831452b432873ad61bbab32be82561ce2329e6a2d62884c1c5d868 \
    --hash=sha256:8f94e5f7e924dfde51cc8c0cd8555c225cd6639a9e79a2e6b89efa44ddc69d94 \
    --hash=sha256:972137cbf19d501ea6a51857528b340ce1c3d204571e3d56dcc72eded5827418 \
    --hash=sha256:9c4307d9631a8699d8ef9d7153c99f7726b3a8249642742d21dc48a2cd132c7c \
    --hash=sha256:9e98dc5e0559ad953f227fc884958c71b10c65a93667331405e7d4441ed5f76d \
    --hash=sha256:a39352ceb2ec6671a1f252fb768fff75bb2f0bc849cca5f66f490e89910a860d \
    --hash=sha256:a65ce46181639d8a8273a56f4865b0b5103000ad1e68d7fcafc8ff7c1ba596a5 \
    --hash=sha256:a71a0071312123d9ff5b5126bf41b8f510e09e828c4f24b7d8635bdac51953ef \
    --hash=sha256:b4f54363b264b16148a724b4442f00cda97fcd4e9beeda3d75637753910e8557 \
    --hash=sha256:b8436ffe2763b3fd522fbac8fe53f47d611721c84819c241acfb65d122403d7d \
    --hash=sha256:bcf64f2d853a1afe236e9e220df62f2f53ef6ad792ca7e406d6173ec003319b8 \
    --hash=sha256:c13f968eccb867466946bcc0f4e1bb1fef2828acf0290a5af2b7e15512b391e7 \
    --hash=sha256:c2d4337b80b54dd68f566cab941a2ad47ab6cfabb68e88002ee0c920493c16d3 \
    --hash=sha256:c3e9f96a07570faefca8e3aabcfb78690e680d188d5d44d06fd8711185fe37d6 \
    --hash=sha256:cb1834182c4047b8edb1dceeed8d5cf7d6e10295a4079e5e0fea674b4314db06 \
    --hash=sha256:d2d7e15d89b8e4b79495f225c8d422ba2ecf683a6dedbee271e7cd58b545b497 \
    --hash=sha256:d49928a3455bae1dd4e93f6b013cfbd2c3ccb5cde74aabae3710b656e7d79b6b \
    --hash=sha256:d4a379feee9aa8a52623188529b7d9b06b56513fb6e66571ad917ebe27b7e750 \
    --hash=sha256:d6424176b795c50f29a73aa1a1593e83df3c00cb9391cda7ff8b321c40ac34d0 \
    --hash=sha256:ee770825c1883e062599962d81efd954ff1eb12ea1d10371b37ed19aa3424957 \
    --hash=sha256:f709e6dd02ebf7d37dcb02d5eadc5fb66c9922dd5809df770c1ef5d625ae7a44 \
    --hash=sha256:fbfc385b98d730080e1b12dc94c604be3867e4fb7bd6b15b830eb33cbf390111 \
    --hash=sha256:ff38ac153527fda0f6158e7c097b66e980a6840455d908e037ce09a4a4c1ce14 \
    --hash=sha256:ff9237b98c173dabf8f5f6317c4ead54afd4b35179b03be652f65e1e121bee74
    # via -r deploy/requirements/neko-asr.in
sherpa-onnx-core==1.13.4 \
    --hash=sha256:0a6949cf0fd83adb9fbcfdf5c27b8907a57f7b48626db703c7f6037be9b61764 \
    --hash=sha256:367aa06cee90b3fd7959d4e071d6fc821710b859af399b4987e5c3119ee6ae2a \
    --hash=sha256:3b9cc7da5ce4a2333a9ae211f39c34dee981b13f2c9c8680fbf2d9636e87d617 \
    --hash=sha256:674ea57eb6458002dab4e39749d21a7364b2f962f4a4958a3ee4c351b093cafd \
    --hash=sha256:737099a817998e4d74379dcd44d8d1b332a3fa1822780be174334c3d1d1e2451 \
    --hash=sha256:7820183581b711a68e30281a4fb36c0af8ef5615bfc789234fb259439824a014 \
    --hash=sha256:b4e4d17eb0d5c569bf4c9effcbc3daef57cf7e2b8418e07ae90f90c9b60b35d5 \
    --hash=sha256:ba9de2f463ae67ee2947f1bd9b981a1e39e6b831e281bf5088068251b8ec4dde
    # via sherpa-onnx
